// !$*UTF8*$!
{
	archiveVersion = 1;
	classes = {
	};
	objectVersion = 56;
	objects = {

/* Begin PBXBuildFile section */
		7411B47F2CFA27850040EDBF /* AsyncPublisher.swift in Sources */ = {isa = PBXBuildFile; fileRef = 7411B47E2CFA27850040EDBF /* AsyncPublisher.swift */; };
		743E53BF2CE3CE330052626C /* GlobalActors.swift in Sources */ = {isa = PBXBuildFile; fileRef = 743E53BE2CE3CE330052626C /* GlobalActors.swift */; };
		7452191B2CFE293E00FC89B8 /* StrongSelfReference.swift in Sources */ = {isa = PBXBuildFile; fileRef = 7452191A2CFE293E00FC89B8 /* StrongSelfReference.swift */; };
		7467B3482CD826A700F586F0 /* AsyncAwait.swift in Sources */ = {isa = PBXBuildFile; fileRef = 7467B3472CD826A700F586F0 /* AsyncAwait.swift */; };
		746BAFAD2CDE92AD00C52ADC /* TaskGroup.swift in Sources */ = {isa = PBXBuildFile; fileRef = 746BAFAC2CDE92AD00C52ADC /* TaskGroup.swift */; };
		74C206AF2CDD5A01007265DF /* TaskAndAwait.swift in Sources */ = {isa = PBXBuildFile; fileRef = 74C206AE2CDD5A01007265DF /* TaskAndAwait.swift */; };
		74CD83FE2CFF68AF0060AE06 /* AsyncMvvm.swift in Sources */ = {isa = PBXBuildFile; fileRef = 74CD83FD2CFF68AF0060AE06 /* AsyncMvvm.swift */; };
		74CD84002CFF910C0060AE06 /* RefreshableModifier.swift in Sources */ = {isa = PBXBuildFile; fileRef = 74CD83FF2CFF910C0060AE06 /* RefreshableModifier.swift */; };
		74CD84022CFF95A80060AE06 /* SearchableModifier.swift in Sources */ = {isa = PBXBuildFile; fileRef = 74CD84012CFF95A80060AE06 /* SearchableModifier.swift */; };
		74CEDF742CD7A9F200649448 /* SwiftConcurrencyApp.swift in Sources */ = {isa = PBXBuildFile; fileRef = 74CEDF732CD7A9F200649448 /* SwiftConcurrencyApp.swift */; };
		74CEDF762CD7A9F200649448 /* ContentView.swift in Sources */ = {isa = PBXBuildFile; fileRef = 74CEDF752CD7A9F200649448 /* ContentView.swift */; };
		74CEDF782CD7A9FA00649448 /* Assets.xcassets in Resources */ = {isa = PBXBuildFile; fileRef = 74CEDF772CD7A9FA00649448 /* Assets.xcassets */; };
		74CEDF7C2CD7A9FA00649448 /* Preview Assets.xcassets in Resources */ = {isa = PBXBuildFile; fileRef = 74CEDF7B2CD7A9FA00649448 /* Preview Assets.xcassets */; };
		74CEDF832CD7AB7100649448 /* DoCatchTryThrows.swift in Sources */ = {isa = PBXBuildFile; fileRef = 74CEDF822CD7AB7100649448 /* DoCatchTryThrows.swift */; };
		74CEDF852CD804F700649448 /* DownloadImageAsync.swift in Sources */ = {isa = PBXBuildFile; fileRef = 74CEDF842CD804F700649448 /* DownloadImageAsync.swift */; };
		74DDE8EC2D26DC23007E8CC4 /* PhotoPicker.swift in Sources */ = {isa = PBXBuildFile; fileRef = 74DDE8EB2D26DC23007E8CC4 /* PhotoPicker.swift */; };
		74DF54B32CE7AF02006D5092 /* ThrowingContinuation.swift in Sources */ = {isa = PBXBuildFile; fileRef = 74DF54B22CE7AF02006D5092 /* ThrowingContinuation.swift */; };
		74DF54B52CE7D2FD006D5092 /* StructClassActor.swift in Sources */ = {isa = PBXBuildFile; fileRef = 74DF54B42CE7D2FD006D5092 /* StructClassActor.swift */; };
/* End PBXBuildFile section */

/* Begin PBXFileReference section */
		7411B47E2CFA27850040EDBF /* AsyncPublisher.swift */ = {isa = PBXFileReference; lastKnownFileType = sourcecode.swift; path = AsyncPublisher.swift; sourceTree = "<group>"; };
		743E53BE2CE3CE330052626C /* GlobalActors.swift */ = {isa = PBXFileReference; lastKnownFileType = sourcecode.swift; path = GlobalActors.swift; sourceTree = "<group>"; };
		7452191A2CFE293E00FC89B8 /* StrongSelfReference.swift */ = {isa = PBXFileReference; lastKnownFileType = sourcecode.swift; path = StrongSelfReference.swift; sourceTree = "<group>"; };
		7467B3472CD826A700F586F0 /* AsyncAwait.swift */ = {isa = PBXFileReference; lastKnownFileType = sourcecode.swift; path = AsyncAwait.swift; sourceTree = "<group>"; };
		746BAFAC2CDE92AD00C52ADC /* TaskGroup.swift */ = {isa = PBXFileReference; lastKnownFileType = sourcecode.swift; path = TaskGroup.swift; sourceTree = "<group>"; };
		74C206AE2CDD5A01007265DF /* TaskAndAwait.swift */ = {isa = PBXFileReference; lastKnownFileType = sourcecode.swift; path = TaskAndAwait.swift; sourceTree = "<group>"; };
		74CD83FD2CFF68AF0060AE06 /* AsyncMvvm.swift */ = {isa = PBXFileReference; lastKnownFileType = sourcecode.swift; path = AsyncMvvm.swift; sourceTree = "<group>"; };
		74CD83FF2CFF910C0060AE06 /* RefreshableModifier.swift */ = {isa = PBXFileReference; lastKnownFileType = sourcecode.swift; path = RefreshableModifier.swift; sourceTree = "<group>"; };
		74CD84012CFF95A80060AE06 /* SearchableModifier.swift */ = {isa = PBXFileReference; lastKnownFileType = sourcecode.swift; path = SearchableModifier.swift; sourceTree = "<group>"; };
		74CEDF702CD7A9F200649448 /* SwiftConcurrency.app */ = {isa = PBXFileReference; explicitFileType = wrapper.application; includeInIndex = 0; path = SwiftConcurrency.app; sourceTree = BUILT_PRODUCTS_DIR; };
		74CEDF732CD7A9F200649448 /* SwiftConcurrencyApp.swift */ = {isa = PBXFileReference; lastKnownFileType = sourcecode.swift; path = SwiftConcurrencyApp.swift; sourceTree = "<group>"; };
		74CEDF752CD7A9F200649448 /* ContentView.swift */ = {isa = PBXFileReference; lastKnownFileType = sourcecode.swift; path = ContentView.swift; sourceTree = "<group>"; };
		74CEDF772CD7A9FA00649448 /* Assets.xcassets */ = {isa = PBXFileReference; lastKnownFileType = folder.assetcatalog; path = Assets.xcassets; sourceTree = "<group>"; };
		74CEDF792CD7A9FA00649448 /* SwiftConcurrency.entitlements */ = {isa = PBXFileReference; lastKnownFileType = text.plist.entitlements; path = SwiftConcurrency.entitlements; sourceTree = "<group>"; };
		74CEDF7B2CD7A9FA00649448 /* Preview Assets.xcassets */ = {isa = PBXFileReference; lastKnownFileType = folder.assetcatalog; path = "Preview Assets.xcassets"; sourceTree = "<group>"; };
		74CEDF822CD7AB7100649448 /* DoCatchTryThrows.swift */ = {isa = PBXFileReference; lastKnownFileType = sourcecode.swift; path = DoCatchTryThrows.swift; sourceTree = "<group>"; };
		74CEDF842CD804F700649448 /* DownloadImageAsync.swift */ = {isa = PBXFileReference; lastKnownFileType = sourcecode.swift; path = DownloadImageAsync.swift; sourceTree = "<group>"; };
		74DDE8EB2D26DC23007E8CC4 /* PhotoPicker.swift */ = {isa = PBXFileReference; lastKnownFileType = sourcecode.swift; path = PhotoPicker.swift; sourceTree = "<group>"; };
		74DF54B22CE7AF02006D5092 /* ThrowingContinuation.swift */ = {isa = PBXFileReference; lastKnownFileType = sourcecode.swift; path = ThrowingContinuation.swift; sourceTree = "<group>"; };
		74DF54B42CE7D2FD006D5092 /* StructClassActor.swift */ = {isa = PBXFileReference; lastKnownFileType = sourcecode.swift; path = StructClassActor.swift; sourceTree = "<group>"; };
/* End PBXFileReference section */

/* Begin PBXFrameworksBuildPhase section */
		74CEDF6D2CD7A9F100649448 /* Frameworks */ = {
			isa = PBXFrameworksBuildPhase;
			buildActionMask = 2147483647;
			files = (
			);
			runOnlyForDeploymentPostprocessing = 0;
		};
/* End PBXFrameworksBuildPhase section */

/* Begin PBXGroup section */
		74CEDF672CD7A9F100649448 = {
			isa = PBXGroup;
			children = (
				74CEDF722CD7A9F200649448 /* SwiftConcurrency */,
				74CEDF712CD7A9F200649448 /* Products */,
			);
			sourceTree = "<group>";
		};
		74CEDF712CD7A9F200649448 /* Products */ = {
			isa = PBXGroup;
			children = (
				74CEDF702CD7A9F200649448 /* SwiftConcurrency.app */,
			);
			name = Products;
			sourceTree = "<group>";
		};
		74CEDF722CD7A9F200649448 /* SwiftConcurrency */ = {
			isa = PBXGroup;
			children = (
				74CEDF732CD7A9F200649448 /* SwiftConcurrencyApp.swift */,
				74CEDF752CD7A9F200649448 /* ContentView.swift */,
				74CEDF822CD7AB7100649448 /* DoCatchTryThrows.swift */,
				74CEDF842CD804F700649448 /* DownloadImageAsync.swift */,
				7467B3472CD826A700F586F0 /* AsyncAwait.swift */,
				74C206AE2CDD5A01007265DF /* TaskAndAwait.swift */,
				746BAFAC2CDE92AD00C52ADC /* TaskGroup.swift */,
				743E53BE2CE3CE330052626C /* GlobalActors.swift */,
				74DF54B22CE7AF02006D5092 /* ThrowingContinuation.swift */,
				74DF54B42CE7D2FD006D5092 /* StructClassActor.swift */,
				7411B47E2CFA27850040EDBF /* AsyncPublisher.swift */,
				7452191A2CFE293E00FC89B8 /* StrongSelfReference.swift */,
				74CD83FD2CFF68AF0060AE06 /* AsyncMvvm.swift */,
				74CD83FF2CFF910C0060AE06 /* RefreshableModifier.swift */,
				74CD84012CFF95A80060AE06 /* SearchableModifier.swift */,
				74DDE8EB2D26DC23007E8CC4 /* PhotoPicker.swift */,
				74CEDF772CD7A9FA00649448 /* Assets.xcassets */,
				74CEDF792CD7A9FA00649448 /* SwiftConcurrency.entitlements */,
				74CEDF7A2CD7A9FA00649448 /* Preview Content */,
			);
			path = SwiftConcurrency;
			sourceTree = "<group>";
		};
		74CEDF7A2CD7A9FA00649448 /* Preview Content */ = {
			isa = PBXGroup;
			children = (
				74CEDF7B2CD7A9FA00649448 /* Preview Assets.xcassets */,
			);
			path = "Preview Content";
			sourceTree = "<group>";
		};
/* End PBXGroup section */

/* Begin PBXNativeTarget section */
		74CEDF6F2CD7A9F100649448 /* SwiftConcurrency */ = {
			isa = PBXNativeTarget;
			buildConfigurationList = 74CEDF7F2CD7A9FA00649448 /* Build configuration list for PBXNativeTarget "SwiftConcurrency" */;
			buildPhases = (
				74CEDF6C2CD7A9F100649448 /* Sources */,
				74CEDF6D2CD7A9F100649448 /* Frameworks */,
				74CEDF6E2CD7A9F100649448 /* Resources */,
			);
			buildRules = (
			);
			dependencies = (
			);
			name = SwiftConcurrency;
			productName = SwiftConcurrency;
			productReference = 74CEDF702CD7A9F200649448 /* SwiftConcurrency.app */;
			productType = "com.apple.product-type.application";
		};
/* End PBXNativeTarget section */

/* Begin PBXProject section */
		74CEDF682CD7A9F100649448 /* Project object */ = {
			isa = PBXProject;
			attributes = {
				BuildIndependentTargetsInParallel = 1;
				LastSwiftUpdateCheck = 1500;
				LastUpgradeCheck = 1500;
				TargetAttributes = {
					74CEDF6F2CD7A9F100649448 = {
						CreatedOnToolsVersion = 15.0.1;
					};
				};
			};
			buildConfigurationList = 74CEDF6B2CD7A9F100649448 /* Build configuration list for PBXProject "SwiftConcurrency" */;
			compatibilityVersion = "Xcode 14.0";
			developmentRegion = en;
			hasScannedForEncodings = 0;
			knownRegions = (
				en,
				Base,
			);
			mainGroup = 74CEDF672CD7A9F100649448;
			productRefGroup = 74CEDF712CD7A9F200649448 /* Products */;
			projectDirPath = "";
			projectRoot = "";
			targets = (
				74CEDF6F2CD7A9F100649448 /* SwiftConcurrency */,
			);
		};
/* End PBXProject section */

/* Begin PBXResourcesBuildPhase section */
		74CEDF6E2CD7A9F100649448 /* Resources */ = {
			isa = PBXResourcesBuildPhase;
			buildActionMask = 2147483647;
			files = (
				74CEDF7C2CD7A9FA00649448 /* Preview Assets.xcassets in Resources */,
				74CEDF782CD7A9FA00649448 /* Assets.xcassets in Resources */,
			);
			runOnlyForDeploymentPostprocessing = 0;
		};
/* End PBXResourcesBuildPhase section */

/* Begin PBXSourcesBuildPhase section */
		74CEDF6C2CD7A9F100649448 /* Sources */ = {
			isa = PBXSourcesBuildPhase;
			buildActionMask = 2147483647;
			files = (
				74CEDF852CD804F700649448 /* DownloadImageAsync.swift in Sources */,
				74CD83FE2CFF68AF0060AE06 /* AsyncMvvm.swift in Sources */,
				74DF54B52CE7D2FD006D5092 /* StructClassActor.swift in Sources */,
				74CEDF832CD7AB7100649448 /* DoCatchTryThrows.swift in Sources */,
				74DDE8EC2D26DC23007E8CC4 /* PhotoPicker.swift in Sources */,
				743E53BF2CE3CE330052626C /* GlobalActors.swift in Sources */,
				7467B3482CD826A700F586F0 /* AsyncAwait.swift in Sources */,
				74CD84022CFF95A80060AE06 /* SearchableModifier.swift in Sources */,
				74CEDF762CD7A9F200649448 /* ContentView.swift in Sources */,
				74DF54B32CE7AF02006D5092 /* ThrowingContinuation.swift in Sources */,
				74CD84002CFF910C0060AE06 /* RefreshableModifier.swift in Sources */,
				746BAFAD2CDE92AD00C52ADC /* TaskGroup.swift in Sources */,
				74CEDF742CD7A9F200649448 /* SwiftConcurrencyApp.swift in Sources */,
				7411B47F2CFA27850040EDBF /* AsyncPublisher.swift in Sources */,
				7452191B2CFE293E00FC89B8 /* StrongSelfReference.swift in Sources */,
				74C206AF2CDD5A01007265DF /* TaskAndAwait.swift in Sources */,
			);
			runOnlyForDeploymentPostprocessing = 0;
		};
/* End PBXSourcesBuildPhase section */

/* Begin XCBuildConfiguration section */
		74CEDF7D2CD7A9FA00649448 /* Debug */ = {
			isa = XCBuildConfiguration;
			buildSettings = {
				ALWAYS_SEARCH_USER_PATHS = NO;
				ASSETCATALOG_COMPILER_GENERATE_SWIFT_ASSET_SYMBOL_EXTENSIONS = YES;
				CLANG_ANALYZER_NONNULL = YES;
				CLANG_ANALYZER_NUMBER_OBJECT_CONVERSION = YES_AGGRESSIVE;
				CLANG_CXX_LANGUAGE_STANDARD = "gnu++20";
				CLANG_ENABLE_MODULES = YES;
				CLANG_ENABLE_OBJC_ARC = YES;
				CLANG_ENABLE_OBJC_WEAK = YES;
				CLANG_WARN_BLOCK_CAPTURE_AUTORELEASING = YES;
				CLANG_WARN_BOOL_CONVERSION = YES;
				CLANG_WARN_COMMA = YES;
				CLANG_WARN_CONSTANT_CONVERSION = YES;
				CLANG_WARN_DEPRECATED_OBJC_IMPLEMENTATIONS = YES;
				CLANG_WARN_DIRECT_OBJC_ISA_USAGE = YES_ERROR;
				CLANG_WARN_DOCUMENTATION_COMMENTS = YES;
				CLANG_WARN_EMPTY_BODY = YES;
				CLANG_WARN_ENUM_CONVERSION = YES;
				CLANG_WARN_INFINITE_RECURSION = YES;
				CLANG_WARN_INT_CONVERSION = YES;
				CLANG_WARN_NON_LITERAL_NULL_CONVERSION = YES;
				CLANG_WARN_OBJC_IMPLICIT_RETAIN_SELF = YES;
				CLANG_WARN_OBJC_LITERAL_CONVERSION = YES;
				CLANG_WARN_OBJC_ROOT_CLASS = YES_ERROR;
				CLANG_WARN_QUOTED_INCLUDE_IN_FRAMEWORK_HEADER = YES;
				CLANG_WARN_RANGE_LOOP_ANALYSIS = YES;
				CLANG_WARN_STRICT_PROTOTYPES = YES;
				CLANG_WARN_SUSPICIOUS_MOVE = YES;
				CLANG_WARN_UNGUARDED_AVAILABILITY = YES_AGGRESSIVE;
				CLANG_WARN_UNREACHABLE_CODE = YES;
				CLANG_WARN__DUPLICATE_METHOD_MATCH = YES;
				COPY_PHASE_STRIP = NO;
				DEBUG_INFORMATION_FORMAT = dwarf;
				ENABLE_STRICT_OBJC_MSGSEND = YES;
				ENABLE_TESTABILITY = YES;
				ENABLE_USER_SCRIPT_SANDBOXING = YES;
				GCC_C_LANGUAGE_STANDARD = gnu17;
				GCC_DYNAMIC_NO_PIC = NO;
				GCC_NO_COMMON_BLOCKS = YES;
				GCC_OPTIMIZATION_LEVEL = 0;
				GCC_PREPROCESSOR_DEFINITIONS = (
					"DEBUG=1",
					"$(inherited)",
				);
				GCC_WARN_64_TO_32_BIT_CONVERSION = YES;
				GCC_WARN_ABOUT_RETURN_TYPE = YES_ERROR;
				GCC_WARN_UNDECLARED_SELECTOR = YES;
				GCC_WARN_UNINITIALIZED_AUTOS = YES_AGGRESSIVE;
				GCC_WARN_UNUSED_FUNCTION = YES;
				GCC_WARN_UNUSED_VARIABLE = YES;
				LOCALIZATION_PREFERS_STRING_CATALOGS = YES;
				MTL_ENABLE_DEBUG_INFO = INCLUDE_SOURCE;
				MTL_FAST_MATH = YES;
				ONLY_ACTIVE_ARCH = YES;
				SWIFT_ACTIVE_COMPILATION_CONDITIONS = "DEBUG $(inherited)";
				SWIFT_OPTIMIZATION_LEVEL = "-Onone";
			};
			name = Debug;
		};
		74CEDF7E2CD7A9FA00649448 /* Release */ = {
			isa = XCBuildConfiguration;
			buildSettings = {
				ALWAYS_SEARCH_USER_PATHS = NO;
				ASSETCATALOG_COMPILER_GENERATE_SWIFT_ASSET_SYMBOL_EXTENSIONS = YES;
				CLANG_ANALYZER_NONNULL = YES;
				CLANG_ANALYZER_NUMBER_OBJECT_CONVERSION = YES_AGGRESSIVE;
				CLANG_CXX_LANGUAGE_STANDARD = "gnu++20";
				CLANG_ENABLE_MODULES = YES;
				CLANG_ENABLE_OBJC_ARC = YES;
				CLANG_ENABLE_OBJC_WEAK = YES;
				CLANG_WARN_BLOCK_CAPTURE_AUTORELEASING = YES;
				CLANG_WARN_BOOL_CONVERSION = YES;
				CLANG_WARN_COMMA = YES;
				CLANG_WARN_CONSTANT_CONVERSION = YES;
				CLANG_WARN_DEPRECATED_OBJC_IMPLEMENTATIONS = YES;
				CLANG_WARN_DIRECT_OBJC_ISA_USAGE = YES_ERROR;
				CLANG_WARN_DOCUMENTATION_COMMENTS = YES;
				CLANG_WARN_EMPTY_BODY = YES;
				CLANG_WARN_ENUM_CONVERSION = YES;
				CLANG_WARN_INFINITE_RECURSION = YES;
				CLANG_WARN_INT_CONVERSION = YES;
				CLANG_WARN_NON_LITERAL_NULL_CONVERSION = YES;
				CLANG_WARN_OBJC_IMPLICIT_RETAIN_SELF = YES;
				CLANG_WARN_OBJC_LITERAL_CONVERSION = YES;
				CLANG_WARN_OBJC_ROOT_CLASS = YES_ERROR;
				CLANG_WARN_QUOTED_INCLUDE_IN_FRAMEWORK_HEADER = YES;
				CLANG_WARN_RANGE_LOOP_ANALYSIS = YES;
				CLANG_WARN_STRICT_PROTOTYPES = YES;
				CLANG_WARN_SUSPICIOUS_MOVE = YES;
				CLANG_WARN_UNGUARDED_AVAILABILITY = YES_AGGRESSIVE;
				CLANG_WARN_UNREACHABLE_CODE = YES;
				CLANG_WARN__DUPLICATE_METHOD_MATCH = YES;
				COPY_PHASE_STRIP = NO;
				DEBUG_INFORMATION_FORMAT = "dwarf-with-dsym";
				ENABLE_NS_ASSERTIONS = NO;
				ENABLE_STRICT_OBJC_MSGSEND = YES;
				ENABLE_USER_SCRIPT_SANDBOXING = YES;
				GCC_C_LANGUAGE_STANDARD = gnu17;
				GCC_NO_COMMON_BLOCKS = YES;
				GCC_WARN_64_TO_32_BIT_CONVERSION = YES;
				GCC_WARN_ABOUT_RETURN_TYPE = YES_ERROR;
				GCC_WARN_UNDECLARED_SELECTOR = YES;
				GCC_WARN_UNINITIALIZED_AUTOS = YES_AGGRESSIVE;
				GCC_WARN_UNUSED_FUNCTION = YES;
				GCC_WARN_UNUSED_VARIABLE = YES;
				LOCALIZATION_PREFERS_STRING_CATALOGS = YES;
				MTL_ENABLE_DEBUG_INFO = NO;
				MTL_FAST_MATH = YES;
				SWIFT_COMPILATION_MODE = wholemodule;
			};
			name = Release;
		};
		74CEDF802CD7A9FA00649448 /* Debug */ = {
			isa = XCBuildConfiguration;
			buildSettings = {
				ASSETCATALOG_COMPILER_APPICON_NAME = AppIcon;
				ASSETCATALOG_COMPILER_GLOBAL_ACCENT_COLOR_NAME = AccentColor;
				CODE_SIGN_ENTITLEMENTS = SwiftConcurrency/SwiftConcurrency.entitlements;
				CODE_SIGN_STYLE = Automatic;
				CURRENT_PROJECT_VERSION = 1;
				DEVELOPMENT_ASSET_PATHS = "\"SwiftConcurrency/Preview Content\"";
				ENABLE_PREVIEWS = YES;
				GENERATE_INFOPLIST_FILE = YES;
				"INFOPLIST_KEY_UIApplicationSceneManifest_Generation[sdk=iphoneos*]" = YES;
				"INFOPLIST_KEY_UIApplicationSceneManifest_Generation[sdk=iphonesimulator*]" = YES;
				"INFOPLIST_KEY_UIApplicationSupportsIndirectInputEvents[sdk=iphoneos*]" = YES;
				"INFOPLIST_KEY_UIApplicationSupportsIndirectInputEvents[sdk=iphonesimulator*]" = YES;
				"INFOPLIST_KEY_UILaunchScreen_Generation[sdk=iphoneos*]" = YES;
				"INFOPLIST_KEY_UILaunchScreen_Generation[sdk=iphonesimulator*]" = YES;
				"INFOPLIST_KEY_UIStatusBarStyle[sdk=iphoneos*]" = UIStatusBarStyleDefault;
				"INFOPLIST_KEY_UIStatusBarStyle[sdk=iphonesimulator*]" = UIStatusBarStyleDefault;
				INFOPLIST_KEY_UISupportedInterfaceOrientations_iPad = "UIInterfaceOrientationPortrait UIInterfaceOrientationPortraitUpsideDown UIInterfaceOrientationLandscapeLeft UIInterfaceOrientationLandscapeRight";
				INFOPLIST_KEY_UISupportedInterfaceOrientations_iPhone = "UIInterfaceOrientationPortrait UIInterfaceOrientationLandscapeLeft UIInterfaceOrientationLandscapeRight";
				IPHONEOS_DEPLOYMENT_TARGET = 17.0;
				LD_RUNPATH_SEARCH_PATHS = "@executable_path/Frameworks";
				"LD_RUNPATH_SEARCH_PATHS[sdk=macosx*]" = "@executable_path/../Frameworks";
				MACOSX_DEPLOYMENT_TARGET = 14.0;
				MARKETING_VERSION = 1.0;
				PRODUCT_BUNDLE_IDENTIFIER = SwiftfulThinking.SwiftConcurrency;
				PRODUCT_NAME = "$(TARGET_NAME)";
				SDKROOT = auto;
				SUPPORTED_PLATFORMS = "iphoneos iphonesimulator macosx";
				SUPPORTS_MACCATALYST = NO;
				SWIFT_EMIT_LOC_STRINGS = YES;
				SWIFT_VERSION = 5.0;
				TARGETED_DEVICE_FAMILY = "1,2";
			};
			name = Debug;
		};
		74CEDF812CD7A9FA00649448 /* Release */ = {
			isa = XCBuildConfiguration;
			buildSettings = {
				ASSETCATALOG_COMPILER_APPICON_NAME = AppIcon;
				ASSETCATALOG_COMPILER_GLOBAL_ACCENT_COLOR_NAME = AccentColor;
				CODE_SIGN_ENTITLEMENTS = SwiftConcurrency/SwiftConcurrency.entitlements;
				CODE_SIGN_STYLE = Automatic;
				CURRENT_PROJECT_VERSION = 1;
				DEVELOPMENT_ASSET_PATHS = "\"SwiftConcurrency/Preview Content\"";
				ENABLE_PREVIEWS = YES;
				GENERATE_INFOPLIST_FILE = YES;
				"INFOPLIST_KEY_UIApplicationSceneManifest_Generation[sdk=iphoneos*]" = YES;
				"INFOPLIST_KEY_UIApplicationSceneManifest_Generation[sdk=iphonesimulator*]" = YES;
				"INFOPLIST_KEY_UIApplicationSupportsIndirectInputEvents[sdk=iphoneos*]" = YES;
				"INFOPLIST_KEY_UIApplicationSupportsIndirectInputEvents[sdk=iphonesimulator*]" = YES;
				"INFOPLIST_KEY_UILaunchScreen_Generation[sdk=iphoneos*]" = YES;
				"INFOPLIST_KEY_UILaunchScreen_Generation[sdk=iphonesimulator*]" = YES;
				"INFOPLIST_KEY_UIStatusBarStyle[sdk=iphoneos*]" = UIStatusBarStyleDefault;
				"INFOPLIST_KEY_UIStatusBarStyle[sdk=iphonesimulator*]" = UIStatusBarStyleDefault;
				INFOPLIST_KEY_UISupportedInterfaceOrientations_iPad = "UIInterfaceOrientationPortrait UIInterfaceOrientationPortraitUpsideDown UIInterfaceOrientationLandscapeLeft UIInterfaceOrientationLandscapeRight";
				INFOPLIST_KEY_UISupportedInterfaceOrientations_iPhone = "UIInterfaceOrientationPortrait UIInterfaceOrientationLandscapeLeft UIInterfaceOrientationLandscapeRight";
				IPHONEOS_DEPLOYMENT_TARGET = 17.0;
				LD_RUNPATH_SEARCH_PATHS = "@executable_path/Frameworks";
				"LD_RUNPATH_SEARCH_PATHS[sdk=macosx*]" = "@executable_path/../Frameworks";
				MACOSX_DEPLOYMENT_TARGET = 14.0;
				MARKETING_VERSION = 1.0;
				PRODUCT_BUNDLE_IDENTIFIER = SwiftfulThinking.SwiftConcurrency;
				PRODUCT_NAME = "$(TARGET_NAME)";
				SDKROOT = auto;
				SUPPORTED_PLATFORMS = "iphoneos iphonesimulator macosx";
				SUPPORTS_MACCATALYST = NO;
				SWIFT_EMIT_LOC_STRINGS = YES;
				SWIFT_VERSION = 5.0;
				TARGETED_DEVICE_FAMILY = "1,2";
			};
			name = Release;
		};
/* End XCBuildConfiguration section */

/* Begin XCConfigurationList section */
		74CEDF6B2CD7A9F100649448 /* Build configuration list for PBXProject "SwiftConcurrency" */ = {
			isa = XCConfigurationList;
			buildConfigurations = (
				74CEDF7D2CD7A9FA00649448 /* Debug */,
				74CEDF7E2CD7A9FA00649448 /* Release */,
			);
			defaultConfigurationIsVisible = 0;
			defaultConfigurationName = Release;
		};
		74CEDF7F2CD7A9FA00649448 /* Build configuration list for PBXNativeTarget "SwiftConcurrency" */ = {
			isa = XCConfigurationList;
			buildConfigurations = (
				74CEDF802CD7A9FA00649448 /* Debug */,
				74CEDF812CD7A9FA00649448 /* Release */,
			);
			defaultConfigurationIsVisible = 0;
			defaultConfigurationName = Release;
		};
/* End XCConfigurationList section */
	};
	rootObject = 74CEDF682CD7A9F100649448 /* Project object */;
}
